
Microsoft Visual Studio Solution File, Format Version 12.00
# Visual Studio 15
VisualStudioVersion = 15.0.28307.779
MinimumVisualStudioVersion = 10.0.40219.1
Project("{FAE04EC0-301F-11D3-BF4B-00C04F79EFBC}") = "JabbesPanel", "JabbesPanel\JabbesPanel.csproj", "{A5DB6501-E098-4D36-AB1E-AC9430801A29}"
EndProject
Global
	GlobalSection(SolutionConfigurationPlatforms) = preSolution
		Debug|Any CPU = Debug|Any CPU
		Release|Any CPU = Release|Any CPU
	EndGlobalSection
	GlobalSection(ProjectConfigurationPlatforms) = postSolution
		{A5DB6501-E098-4D36-AB1E-AC9430801A29}.Debug|Any CPU.ActiveCfg = Debug|Any CPU
		{A5DB6501-E098-4D36-AB1E-AC9430801A29}.Debug|Any CPU.Build.0 = Debug|Any CPU
		{A5DB6501-E098-4D36-AB1E-AC9430801A29}.Release|Any CPU.ActiveCfg = Release|Any CPU
		{A5DB6501-E098-4D36-AB1E-AC9430801A29}.Release|Any CPU.Build.0 = Release|Any CPU
	EndGlobalSection
	GlobalSection(SolutionProperties) = preSolution
		HideSolutionNode = FALSE
	EndGlobalSection
	GlobalSection(ExtensibilityGlobals) = postSolution
		SolutionGuid = {F66604A4-AD9A-4BE2-ABBA-A2C7D5F8D090}
	EndGlobalSection
EndGlobal
